
Microsoft Visual Studio Solution File, Format Version 12.00
# Visual Studio 15
VisualStudioVersion = 15.0.27428.2015
MinimumVisualStudioVersion = 10.0.40219.1
Project("{8BC9CEB8-8B4A-11D0-8D11-00A0C91BC942}") = "9.mystring", "9.mystring\9.mystring.vcxproj", "{ADAFBF17-B449-47C2-A05C-ABD32E1DA8A2}"
EndProject
Global
	GlobalSection(SolutionConfigurationPlatforms) = preSolution
		Debug|x64 = Debug|x64
		Debug|x86 = Debug|x86
		Release|x64 = Release|x64
		Release|x86 = Release|x86
	EndGlobalSection
	GlobalSection(ProjectConfigurationPlatforms) = postSolution
		{ADAFBF17-B449-47C2-A05C-ABD32E1DA8A2}.Debug|x64.ActiveCfg = Debug|x64
		{ADAFBF17-B449-47C2-A05C-ABD32E1DA8A2}.Debug|x64.Build.0 = Debug|x64
		{ADAFBF17-B449-47C2-A05C-ABD32E1DA8A2}.Debug|x86.ActiveCfg = Debug|Win32
		{ADAFBF17-B449-47C2-A05C-ABD32E1DA8A2}.Debug|x86.Build.0 = Debug|Win32
		{ADAFBF17-B449-47C2-A05C-ABD32E1DA8A2}.Release|x64.ActiveCfg = Release|x64
		{ADAFBF17-B449-47C2-A05C-ABD32E1DA8A2}.Release|x64.Build.0 = Release|x64
		{ADAFBF17-B449-47C2-A05C-ABD32E1DA8A2}.Release|x86.ActiveCfg = Release|Win32
		{ADAFBF17-B449-47C2-A05C-ABD32E1DA8A2}.Release|x86.Build.0 = Release|Win32
	EndGlobalSection
	GlobalSection(SolutionProperties) = preSolution
		HideSolutionNode = FALSE
	EndGlobalSection
	GlobalSection(ExtensibilityGlobals) = postSolution
		SolutionGuid = {FA70CB6B-9520-4A78-9147-66FE20A8FD65}
	EndGlobalSection
EndGlobal
