
Microsoft Visual Studio Solution File, Format Version 12.00
# Visual Studio 15
VisualStudioVersion = 15.0.28307.902
MinimumVisualStudioVersion = 10.0.40219.1
Project("{8BC9CEB8-8B4A-11D0-8D11-00A0C91BC942}") = "32", "32\32.vcxproj", "{926D301B-9190-4069-A1CE-2399FBF8C7E9}"
EndProject
Global
	GlobalSection(SolutionConfigurationPlatforms) = preSolution
		Debug|x64 = Debug|x64
		Debug|x86 = Debug|x86
		Release|x64 = Release|x64
		Release|x86 = Release|x86
	EndGlobalSection
	GlobalSection(ProjectConfigurationPlatforms) = postSolution
		{926D301B-9190-4069-A1CE-2399FBF8C7E9}.Debug|x64.ActiveCfg = Debug|x64
		{926D301B-9190-4069-A1CE-2399FBF8C7E9}.Debug|x64.Build.0 = Debug|x64
		{926D301B-9190-4069-A1CE-2399FBF8C7E9}.Debug|x86.ActiveCfg = Debug|Win32
		{926D301B-9190-4069-A1CE-2399FBF8C7E9}.Debug|x86.Build.0 = Debug|Win32
		{926D301B-9190-4069-A1CE-2399FBF8C7E9}.Release|x64.ActiveCfg = Release|x64
		{926D301B-9190-4069-A1CE-2399FBF8C7E9}.Release|x64.Build.0 = Release|x64
		{926D301B-9190-4069-A1CE-2399FBF8C7E9}.Release|x86.ActiveCfg = Release|Win32
		{926D301B-9190-4069-A1CE-2399FBF8C7E9}.Release|x86.Build.0 = Release|Win32
	EndGlobalSection
	GlobalSection(SolutionProperties) = preSolution
		HideSolutionNode = FALSE
	EndGlobalSection
	GlobalSection(ExtensibilityGlobals) = postSolution
		SolutionGuid = {6288C2E2-4BBE-437E-B4ED-15D07197D578}
	EndGlobalSection
EndGlobal
